// !$*UTF8*$!
{
 archiveVersion = 1;
 classes = { };
 objectVersion = 56;
 objects = {
  111111111111111111111111 /* LiDARGroundMapperApp.swift */ = {isa = PBXFileReference; lastKnownFileType = sourcecode.swift; path = LiDARGroundMapperApp.swift; sourceTree = "<group>"; };
  222222222222222222222222 /* ContentView.swift */ = {isa = PBXFileReference; lastKnownFileType = sourcecode.swift; path = ContentView.swift; sourceTree = "<group>"; };
  333333333333333333333333 /* Info.plist */ = {isa = PBXFileReference; lastKnownFileType = text.plist.xml; path = Info.plist; sourceTree = "<group>"; };
  444444444444444444444444 /* LiDARGroundMapper.app */ = {isa = PBXFileReference; explicitFileType = wrapper.application; includeInIndex = 0; path = LiDARGroundMapper.app; sourceTree = BUILT_PRODUCTS_DIR; };
  555555555555555555555555 = {isa = PBXGroup; children = (111111111111111111111111,222222222222222222222222,333333333333333333333333); path = LiDARGroundMapper; sourceTree = "<group>"; };
  666666666666666666666666 = {isa = PBXGroup; children = (555555555555555555555555); sourceTree = "<group>"; };
  777777777777777777777777 = {isa = PBXGroup; children = (444444444444444444444444); name = Products; sourceTree = "<group>"; };
  888888888888888888888888 = {isa = PBXFileReference; lastKnownFileType = text; path = LiDARGroundMapper; sourceTree = SOURCE_ROOT; };
  999999999999999999999999 = {isa = PBXBuildFile; fileRef = 111111111111111111111111; };
  AAAAAAAAAAAAAAAAAAAAAAAA = {isa = PBXBuildFile; fileRef = 222222222222222222222222; };
  BBBBBBBBBBBBBBBBBBBBBB = {isa = PBXNativeTarget; buildConfigurationList = CCCCCCCCCCCCCCCCCCCCCCCC; buildPhases = (DDDDDDDDDDDDDDDDDDDDDDDD,EEEEEEEEEEEEEEEEEEEEEEEE,FFFFFFFFFFFFFFFFFFFFFFFF); buildRules = (); dependencies = (); name = LiDARGroundMapper; productName = LiDARGroundMapper; productReference = 444444444444444444444444; productType = "com.apple.product-type.application"; };
  CCCCCCCCCCCCCCCCCCCCCCCC = {isa = XCConfigurationList; buildConfigurations = (10101010101010101010101010,20202020202020202020202020); defaultConfigurationIsVisible = 0; defaultConfigurationName = Release; };
  10101010101010101010101010 = {isa = XCBuildConfiguration; buildSettings = { ASSETCATALOG_COMPILER_APPICON_NAME = AppIcon; CODE_SIGN_STYLE = Automatic; CURRENT_PROJECT_VERSION = 1; DEVELOPMENT_TEAM = ""; GENERATE_INFOPLIST_FILE = NO; INFOPLIST_FILE = LiDARGroundMapper/Info.plist; IPHONEOS_DEPLOYMENT_TARGET = 16.0; PRODUCT_BUNDLE_IDENTIFIER = com.example.LiDARGroundMapper; PRODUCT_NAME = "$(TARGET_NAME)"; SWIFT_VERSION = 5.0; TARGETED_DEVICE_FAMILY = "1,2"; } ; name = Debug; };
  20202020202020202020202020 = {isa = XCBuildConfiguration; buildSettings = { ASSETCATALOG_COMPILER_APPICON_NAME = AppIcon; CODE_SIGN_STYLE = Automatic; CURRENT_PROJECT_VERSION = 1; DEVELOPMENT_TEAM = ""; GENERATE_INFOPLIST_FILE = NO; INFOPLIST_FILE = LiDARGroundMapper/Info.plist; IPHONEOS_DEPLOYMENT_TARGET = 16.0; PRODUCT_BUNDLE_IDENTIFIER = com.example.LiDARGroundMapper; PRODUCT_NAME = "$(TARGET_NAME)"; SWIFT_VERSION = 5.0; TARGETED_DEVICE_FAMILY = "1,2"; } ; name = Release; };
  DDDDDDDDDDDDDDDDDDDDDDDD = {isa = PBXSourcesBuildPhase; buildActionMask = 2147483647; files = (999999999999999999999999,AAAAAAAAAAAAAAAAAAAAAAAA); runOnlyForDeploymentPostprocessing = 0; };
  EEEEEEEEEEEEEEEEEEEEEEEE = {isa = PBXFrameworksBuildPhase; buildActionMask = 2147483647; files = (); runOnlyForDeploymentPostprocessing = 0; };
  FFFFFFFFFFFFFFFFFFFFFFFF = {isa = PBXResourcesBuildPhase; buildActionMask = 2147483647; files = (); runOnlyForDeploymentPostprocessing = 0; };
  121212121212121212121212 = {isa = PBXProject; attributes = { LastUpgradeCheck = 1600; TargetAttributes = { BBBBBBBBBBBBBBBBBBBBBB = { CreatedOnToolsVersion = 16.0; }; }; }; buildConfigurationList = 131313131313131313131313; compatibilityVersion = "Xcode 14.0"; developmentRegion = en; hasScannedForEncodings = 0; knownRegions = (en, Base); mainGroup = 666666666666666666666666; productRefGroup = 777777777777777777777777; projectDirPath = ""; projectRoot = ""; targets = (BBBBBBBBBBBBBBBBBBBBBB); };
  131313131313131313131313 = {isa = XCConfigurationList; buildConfigurations = (14141414141414141414141414,15151515151515151515151515); defaultConfigurationIsVisible = 0; defaultConfigurationName = Release; };
  14141414141414141414141414 = {isa = XCBuildConfiguration; buildSettings = { ALWAYS_SEARCH_USER_PATHS = NO; CLANG_ENABLE_MODULES = YES; SWIFT_VERSION = 5.0; }; name = Debug; };
  15151515151515151515151515 = {isa = XCBuildConfiguration; buildSettings = { ALWAYS_SEARCH_USER_PATHS = NO; CLANG_ENABLE_MODULES = YES; SWIFT_VERSION = 5.0; }; name = Release; };
 };
 rootObject = 121212121212121212121212;
}
